
Microsoft Visual Studio Solution File, Format Version 12.00
# Visual Studio Version 17
VisualStudioVersion = 17.1.32210.238
MinimumVisualStudioVersion = 10.0.40219.1
Project("{9A19103F-16F7-4668-BE54-9A1E7A4F7556}") = "App05MonoGame", "App05MonoGame.csproj", "{B0C4FC00-C224-4FE8-9D0C-981F660C5FE2}"
EndProject
Project("{2150E333-8FDC-42A3-9474-1A3956D46DE8}") = "Solution Items", "Solution Items", "{50418FB0-4939-46C8-B504-A3B078E341EA}"
	ProjectSection(SolutionItems) = preProject
		.editorconfig = .editorconfig
	EndProjectSection
EndProject
Global
	GlobalSection(SolutionConfigurationPlatforms) = preSolution
		Debug|Any CPU = Debug|Any CPU
		Release|Any CPU = Release|Any CPU
	EndGlobalSection
	GlobalSection(ProjectConfigurationPlatforms) = postSolution
		{B0C4FC00-C224-4FE8-9D0C-981F660C5FE2}.Debug|Any CPU.ActiveCfg = Debug|Any CPU
		{B0C4FC00-C224-4FE8-9D0C-981F660C5FE2}.Debug|Any CPU.Build.0 = Debug|Any CPU
		{B0C4FC00-C224-4FE8-9D0C-981F660C5FE2}.Release|Any CPU.ActiveCfg = Release|Any CPU
		{B0C4FC00-C224-4FE8-9D0C-981F660C5FE2}.Release|Any CPU.Build.0 = Release|Any CPU
	EndGlobalSection
	GlobalSection(SolutionProperties) = preSolution
		HideSolutionNode = FALSE
	EndGlobalSection
	GlobalSection(ExtensibilityGlobals) = postSolution
		SolutionGuid = {7DB30C0D-B725-4826-8029-700C25061DFF}
	EndGlobalSection
EndGlobal
